
Microsoft Visual Studio Solution File, Format Version 12.00
# Visual Studio Version 17
VisualStudioVersion = 17.3.32819.101
MinimumVisualStudioVersion = 10.0.40219.1
Project("{9A19103F-16F7-4668-BE54-9A1E7A4F7556}") = "FormulaEvaluator", "FormulaEvaluator\FormulaEvaluator.csproj", "{5762ED28-7917-4267-A2CA-151A635D22EC}"
EndProject
Project("{9A19103F-16F7-4668-BE54-9A1E7A4F7556}") = "Reference", "Reference\Reference.csproj", "{53921742-8288-432B-B2BB-E8D43189B4C1}"
EndProject
Project("{9A19103F-16F7-4668-BE54-9A1E7A4F7556}") = "DependencyGraph", "DependencyGraph\DependencyGraph.csproj", "{202F6FC7-8B04-4071-9806-5647B22DC9A7}"
EndProject
Project("{9A19103F-16F7-4668-BE54-9A1E7A4F7556}") = "DependencyGraphTests", "DependencyGraphTests\DependencyGraphTests.csproj", "{EC9D4445-14E9-4D88-A5DC-B4E87F62D829}"
EndProject
Project("{9A19103F-16F7-4668-BE54-9A1E7A4F7556}") = "FormulaEvaluatorTests", "FormulaEvaluatorTests\FormulaEvaluatorTests.csproj", "{C12D08A6-10F5-4ECE-809E-B77E4054841B}"
EndProject
Project("{FAE04EC0-301F-11D3-BF4B-00C04F79EFBC}") = "Formula", "Formula\Formula.csproj", "{9A89D91B-CB17-4F2E-B8DC-218F774F56FE}"
EndProject
Project("{FAE04EC0-301F-11D3-BF4B-00C04F79EFBC}") = "FormulaTests", "FormulaTests\FormulaTests.csproj", "{77707A18-832F-4D37-ACC0-DAD6214AFF6D}"
EndProject
Global
	GlobalSection(SolutionConfigurationPlatforms) = preSolution
		Debug|Any CPU = Debug|Any CPU
		Release|Any CPU = Release|Any CPU
	EndGlobalSection
	GlobalSection(ProjectConfigurationPlatforms) = postSolution
		{5762ED28-7917-4267-A2CA-151A635D22EC}.Debug|Any CPU.ActiveCfg = Debug|Any CPU
		{5762ED28-7917-4267-A2CA-151A635D22EC}.Debug|Any CPU.Build.0 = Debug|Any CPU
		{5762ED28-7917-4267-A2CA-151A635D22EC}.Release|Any CPU.ActiveCfg = Release|Any CPU
		{5762ED28-7917-4267-A2CA-151A635D22EC}.Release|Any CPU.Build.0 = Release|Any CPU
		{53921742-8288-432B-B2BB-E8D43189B4C1}.Debug|Any CPU.ActiveCfg = Debug|Any CPU
		{53921742-8288-432B-B2BB-E8D43189B4C1}.Debug|Any CPU.Build.0 = Debug|Any CPU
		{53921742-8288-432B-B2BB-E8D43189B4C1}.Release|Any CPU.ActiveCfg = Release|Any CPU
		{53921742-8288-432B-B2BB-E8D43189B4C1}.Release|Any CPU.Build.0 = Release|Any CPU
		{202F6FC7-8B04-4071-9806-5647B22DC9A7}.Debug|Any CPU.ActiveCfg = Debug|Any CPU
		{202F6FC7-8B04-4071-9806-5647B22DC9A7}.Debug|Any CPU.Build.0 = Debug|Any CPU
		{202F6FC7-8B04-4071-9806-5647B22DC9A7}.Release|Any CPU.ActiveCfg = Release|Any CPU
		{202F6FC7-8B04-4071-9806-5647B22DC9A7}.Release|Any CPU.Build.0 = Release|Any CPU
		{EC9D4445-14E9-4D88-A5DC-B4E87F62D829}.Debug|Any CPU.ActiveCfg = Debug|Any CPU
		{EC9D4445-14E9-4D88-A5DC-B4E87F62D829}.Debug|Any CPU.Build.0 = Debug|Any CPU
		{EC9D4445-14E9-4D88-A5DC-B4E87F62D829}.Release|Any CPU.ActiveCfg = Release|Any CPU
		{EC9D4445-14E9-4D88-A5DC-B4E87F62D829}.Release|Any CPU.Build.0 = Release|Any CPU
		{C12D08A6-10F5-4ECE-809E-B77E4054841B}.Debug|Any CPU.ActiveCfg = Debug|Any CPU
		{C12D08A6-10F5-4ECE-809E-B77E4054841B}.Debug|Any CPU.Build.0 = Debug|Any CPU
		{C12D08A6-10F5-4ECE-809E-B77E4054841B}.Release|Any CPU.ActiveCfg = Release|Any CPU
		{C12D08A6-10F5-4ECE-809E-B77E4054841B}.Release|Any CPU.Build.0 = Release|Any CPU
		{9A89D91B-CB17-4F2E-B8DC-218F774F56FE}.Debug|Any CPU.ActiveCfg = Debug|Any CPU
		{9A89D91B-CB17-4F2E-B8DC-218F774F56FE}.Debug|Any CPU.Build.0 = Debug|Any CPU
		{9A89D91B-CB17-4F2E-B8DC-218F774F56FE}.Release|Any CPU.ActiveCfg = Release|Any CPU
		{9A89D91B-CB17-4F2E-B8DC-218F774F56FE}.Release|Any CPU.Build.0 = Release|Any CPU
		{77707A18-832F-4D37-ACC0-DAD6214AFF6D}.Debug|Any CPU.ActiveCfg = Debug|Any CPU
		{77707A18-832F-4D37-ACC0-DAD6214AFF6D}.Debug|Any CPU.Build.0 = Debug|Any CPU
		{77707A18-832F-4D37-ACC0-DAD6214AFF6D}.Release|Any CPU.ActiveCfg = Release|Any CPU
		{77707A18-832F-4D37-ACC0-DAD6214AFF6D}.Release|Any CPU.Build.0 = Release|Any CPU
	EndGlobalSection
	GlobalSection(SolutionProperties) = preSolution
		HideSolutionNode = FALSE
	EndGlobalSection
	GlobalSection(ExtensibilityGlobals) = postSolution
		SolutionGuid = {68E26AE0-4E55-4A8A-AFFF-0648E48C3C79}
	EndGlobalSection
EndGlobal
