
Microsoft Visual Studio Solution File, Format Version 12.00
# Visual Studio Version 17
VisualStudioVersion = 17.3.32819.101
MinimumVisualStudioVersion = 10.0.40219.1
Project("{9A19103F-16F7-4668-BE54-9A1E7A4F7556}") = "FormulaEvaluator", "FormulaEvaluator\FormulaEvaluator.csproj", "{5762ED28-7917-4267-A2CA-151A635D22EC}"
EndProject
Project("{FAE04EC0-301F-11D3-BF4B-00C04F79EFBC}") = "Reference", "Reference\Reference.csproj", "{53921742-8288-432B-B2BB-E8D43189B4C1}"
EndProject
Global
	GlobalSection(SolutionConfigurationPlatforms) = preSolution
		Debug|Any CPU = Debug|Any CPU
		Release|Any CPU = Release|Any CPU
	EndGlobalSection
	GlobalSection(ProjectConfigurationPlatforms) = postSolution
		{5762ED28-7917-4267-A2CA-151A635D22EC}.Debug|Any CPU.ActiveCfg = Debug|Any CPU
		{5762ED28-7917-4267-A2CA-151A635D22EC}.Debug|Any CPU.Build.0 = Debug|Any CPU
		{5762ED28-7917-4267-A2CA-151A635D22EC}.Release|Any CPU.ActiveCfg = Release|Any CPU
		{5762ED28-7917-4267-A2CA-151A635D22EC}.Release|Any CPU.Build.0 = Release|Any CPU
		{53921742-8288-432B-B2BB-E8D43189B4C1}.Debug|Any CPU.ActiveCfg = Debug|Any CPU
		{53921742-8288-432B-B2BB-E8D43189B4C1}.Debug|Any CPU.Build.0 = Debug|Any CPU
		{53921742-8288-432B-B2BB-E8D43189B4C1}.Release|Any CPU.ActiveCfg = Release|Any CPU
		{53921742-8288-432B-B2BB-E8D43189B4C1}.Release|Any CPU.Build.0 = Release|Any CPU
	EndGlobalSection
	GlobalSection(SolutionProperties) = preSolution
		HideSolutionNode = FALSE
	EndGlobalSection
	GlobalSection(ExtensibilityGlobals) = postSolution
		SolutionGuid = {68E26AE0-4E55-4A8A-AFFF-0648E48C3C79}
	EndGlobalSection
EndGlobal
